
Microsoft Visual Studio Solution File, Format Version 12.00
# Visual Studio 2012
Project("{8BC9CEB8-8B4A-11D0-8D11-00A0C91BC942}") = "ProjectEuler010", "ProjectEuler010\ProjectEuler010.vcxproj", "{A2078564-7770-4E37-AF96-3A2D6247B57A}"
EndProject
Project("{8BC9CEB8-8B4A-11D0-8D11-00A0C91BC942}") = "EulerLibrary", "..\EulerLibrary\EulerLibrary\EulerLibrary.vcxproj", "{F8EF3C50-147C-4642-B6F0-A80CC84BE37A}"
EndProject
Global
	GlobalSection(SolutionConfigurationPlatforms) = preSolution
		Debug|Win32 = Debug|Win32
		Debug|x64 = Debug|x64
		Release|Win32 = Release|Win32
		Release|x64 = Release|x64
	EndGlobalSection
	GlobalSection(ProjectConfigurationPlatforms) = postSolution
		{A2078564-7770-4E37-AF96-3A2D6247B57A}.Debug|Win32.ActiveCfg = Debug|Win32
		{A2078564-7770-4E37-AF96-3A2D6247B57A}.Debug|Win32.Build.0 = Debug|Win32
		{A2078564-7770-4E37-AF96-3A2D6247B57A}.Debug|x64.ActiveCfg = Debug|x64
		{A2078564-7770-4E37-AF96-3A2D6247B57A}.Debug|x64.Build.0 = Debug|x64
		{A2078564-7770-4E37-AF96-3A2D6247B57A}.Release|Win32.ActiveCfg = Release|Win32
		{A2078564-7770-4E37-AF96-3A2D6247B57A}.Release|Win32.Build.0 = Release|Win32
		{A2078564-7770-4E37-AF96-3A2D6247B57A}.Release|x64.ActiveCfg = Release|x64
		{A2078564-7770-4E37-AF96-3A2D6247B57A}.Release|x64.Build.0 = Release|x64
		{F8EF3C50-147C-4642-B6F0-A80CC84BE37A}.Debug|Win32.ActiveCfg = Debug|Win32
		{F8EF3C50-147C-4642-B6F0-A80CC84BE37A}.Debug|Win32.Build.0 = Debug|Win32
		{F8EF3C50-147C-4642-B6F0-A80CC84BE37A}.Debug|x64.ActiveCfg = Debug|x64
		{F8EF3C50-147C-4642-B6F0-A80CC84BE37A}.Debug|x64.Build.0 = Debug|x64
		{F8EF3C50-147C-4642-B6F0-A80CC84BE37A}.Release|Win32.ActiveCfg = Release|Win32
		{F8EF3C50-147C-4642-B6F0-A80CC84BE37A}.Release|Win32.Build.0 = Release|Win32
		{F8EF3C50-147C-4642-B6F0-A80CC84BE37A}.Release|x64.ActiveCfg = Release|x64
		{F8EF3C50-147C-4642-B6F0-A80CC84BE37A}.Release|x64.Build.0 = Release|x64
	EndGlobalSection
	GlobalSection(SolutionProperties) = preSolution
		HideSolutionNode = FALSE
	EndGlobalSection
EndGlobal
